
Microsoft Visual Studio Solution File, Format Version 12.00
# Visual Studio Version 17
VisualStudioVersion = 17.0.32112.339
MinimumVisualStudioVersion = 10.0.40219.1
Project("{FAE04EC0-301F-11D3-BF4B-00C04F79EFBC}") = "MonthlyPayment", "MonthlyPayment.csproj", "{0C69A09C-8C0D-42FD-AD9C-F2491157073C}"
EndProject
Global
	GlobalSection(SolutionConfigurationPlatforms) = preSolution
		Debug|Any CPU = Debug|Any CPU
		Release|Any CPU = Release|Any CPU
	EndGlobalSection
	GlobalSection(ProjectConfigurationPlatforms) = postSolution
		{0C69A09C-8C0D-42FD-AD9C-F2491157073C}.Debug|Any CPU.ActiveCfg = Debug|Any CPU
		{0C69A09C-8C0D-42FD-AD9C-F2491157073C}.Debug|Any CPU.Build.0 = Debug|Any CPU
		{0C69A09C-8C0D-42FD-AD9C-F2491157073C}.Release|Any CPU.ActiveCfg = Release|Any CPU
		{0C69A09C-8C0D-42FD-AD9C-F2491157073C}.Release|Any CPU.Build.0 = Release|Any CPU
	EndGlobalSection
	GlobalSection(SolutionProperties) = preSolution
		HideSolutionNode = FALSE
	EndGlobalSection
	GlobalSection(ExtensibilityGlobals) = postSolution
		SolutionGuid = {3205F53F-BC2C-4BD7-A519-15501B582B02}
	EndGlobalSection
EndGlobal
